
Microsoft Visual Studio Solution File, Format Version 12.00
# Visual Studio Version 16
VisualStudioVersion = 16.0.31702.278
MinimumVisualStudioVersion = 10.0.40219.1
Project("{FAE04EC0-301F-11D3-BF4B-00C04F79EFBC}") = "MyZimmer", "MyZimmer\MyZimmer.csproj", "{EA372202-0C08-432D-A06F-26024A9D7FC2}"
EndProject
Global
	GlobalSection(SolutionConfigurationPlatforms) = preSolution
		Debug|Any CPU = Debug|Any CPU
		Release|Any CPU = Release|Any CPU
	EndGlobalSection
	GlobalSection(ProjectConfigurationPlatforms) = postSolution
		{EA372202-0C08-432D-A06F-26024A9D7FC2}.Debug|Any CPU.ActiveCfg = Debug|Any CPU
		{EA372202-0C08-432D-A06F-26024A9D7FC2}.Debug|Any CPU.Build.0 = Debug|Any CPU
		{EA372202-0C08-432D-A06F-26024A9D7FC2}.Release|Any CPU.ActiveCfg = Release|Any CPU
		{EA372202-0C08-432D-A06F-26024A9D7FC2}.Release|Any CPU.Build.0 = Release|Any CPU
	EndGlobalSection
	GlobalSection(SolutionProperties) = preSolution
		HideSolutionNode = FALSE
	EndGlobalSection
	GlobalSection(ExtensibilityGlobals) = postSolution
		SolutionGuid = {375599B7-144A-475D-9F0C-2B04E9A44F42}
	EndGlobalSection
EndGlobal
